{
    "name": "Geo",
    "version": "0.0.1",
    "lockfileVersion": 1,
    "requires": true,
    "dependencies": {
        "@types/googlemaps": {
            "version": "3.37.0",
            "resolved": "https://registry.npmjs.org/@types/googlemaps/-/googlemaps-3.37.0.tgz",
            "integrity": "sha512-kUF1DCVJISf6HZQdgROIs98C0MS40AK5KXxyOju5L1aifNXqMkN5siSGErHYxpEMkDcTA/hu6Dr22fZBTt2qRA==",
            "dev": true
        },
        "@types/sparqljs": {
            "version": "2.1.0",
            "resolved": "https://registry.npmjs.org/@types/sparqljs/-/sparqljs-2.1.0.tgz",
            "integrity": "sha512-EubZv5M9U0PUQw+lvYWlwDjz2EL/KpYFXuGsUCF9P+eR38PTDfjzaUenIiP4KEmGc3t+DH19/+YIR/Nmd2swwA=="
        },
        "sparqljs": {
            "version": "2.2.3",
            "resolved": "https://registry.npmjs.org/sparqljs/-/sparqljs-2.2.3.tgz",
            "integrity": "sha512-lrzSQadbkiQk4O6RjXJjec/EevVIsnAfbNK3t8XJtocogNojfQM7KC/UttyRTAq4IOXa0vRVoFTRapcbgFVRWg==",
            "dev": true
        },
        "whatwg-fetch": {
            "version": "3.0.0",
            "resolved": "https://registry.npmjs.org/whatwg-fetch/-/whatwg-fetch-3.0.0.tgz",
            "integrity": "sha512-9GSJUgz1D4MfyKU7KRqwOjXCXTqWdFNvEr7eUBYchQiVc744mqK/MzXPNR2WsPkmkOa4ywfg8C2n8h+13Bey1Q=="
        }
    }
}
